<?xml version="1.0" encoding="utf-8"?>
<Project ToolsVersion="4.0" xmlns="http://schemas.microsoft.com/developer/msbuild/2003">
  <ItemGroup>
    <Filter Include="Source Files">
      <UniqueIdentifier>{4FC737F1-C7A5-4376-A066-2A32D752A2FF}</UniqueIdentifier>
      <Extensions>cpp;c;cc;cxx;def;odl;idl;hpj;bat;asm;asmx</Extensions>
    </Filter>
    <Filter Include="Header Files">
      <UniqueIdentifier>{93995380-89BD-4b04-88EB-625FBE52EBFB}</UniqueIdentifier>
      <Extensions>h;hh;hpp;hxx;hm;inl;inc;xsd</Extensions>
    </Filter>
    <Filter Include="Resource Files">
      <UniqueIdentifier>{67DA6AB6-F800-4c08-8B7A-83BB121AAD01}</UniqueIdentifier>
      <Extensions>rc;ico;cur;bmp;dlg;rc2;rct;bin;rgs;gif;jpg;jpeg;jpe;resx;tiff;tif;png;wav;mfcribbon-ms</Extensions>
    </Filter>
    <Filter Include="Source Files\STL">
      <UniqueIdentifier>{09500a3b-70c3-44e7-9652-548f2fc25a6b}</UniqueIdentifier>
    </Filter>
    <Filter Include="Source Files\Graph">
      <UniqueIdentifier>{b05640d4-4402-40ac-a5f3-173e2d7432d3}</UniqueIdentifier>
    </Filter>
    <Filter Include="Source Files\DP">
      <UniqueIdentifier>{5c253277-ac4e-4d5e-b433-d1d473812790}</UniqueIdentifier>
    </Filter>
    <Filter Include="Source Files\Exhaustive Search">
      <UniqueIdentifier>{55e445ea-2f7d-422b-8274-a44262cc5bc3}</UniqueIdentifier>
    </Filter>
    <Filter Include="Source Files\Geometry">
      <UniqueIdentifier>{eacc5842-7b9d-420b-afc3-c14cabe0d37f}</UniqueIdentifier>
    </Filter>
    <Filter Include="Source Files\String">
      <UniqueIdentifier>{637a3190-5156-47b3-ae10-0f0f30ae759b}</UniqueIdentifier>
    </Filter>
    <Filter Include="Source Files\DataStructure">
      <UniqueIdentifier>{5fbd41fe-5694-4c1b-b82c-2010bc009322}</UniqueIdentifier>
    </Filter>
    <Filter Include="Source Files\Nim">
      <UniqueIdentifier>{389a349c-a9f7-42ed-837e-f0bc4ab2224a}</UniqueIdentifier>
    </Filter>
    <Filter Include="Source Files\POJSet">
      <UniqueIdentifier>{abff2768-02b2-4416-a154-7d318ecc4504}</UniqueIdentifier>
    </Filter>
    <Filter Include="Source Files\POJSet\Base">
      <UniqueIdentifier>{c901347e-ea75-49a0-8b5a-add96d7b46da}</UniqueIdentifier>
    </Filter>
    <Filter Include="Source Files\Game">
      <UniqueIdentifier>{12691bf2-1e4b-4bd6-8e5f-a8a8358b8ec1}</UniqueIdentifier>
    </Filter>
    <Filter Include="Source Files\POJSet\Intermediate">
      <UniqueIdentifier>{17d53d60-d0eb-4516-a08c-49aa56b94da7}</UniqueIdentifier>
    </Filter>
  </ItemGroup>
  <ItemGroup>
    <ClCompile Include="Source.cpp">
      <Filter>Source Files</Filter>
    </ClCompile>
    <ClCompile Include="UVa12096 The SetStack Computer.cpp">
      <Filter>Source Files\STL</Filter>
    </ClCompile>
    <ClCompile Include="convertRootTree.cpp">
      <Filter>Source Files\Graph</Filter>
    </ClCompile>
    <ClCompile Include="ExpressionTree.cpp">
      <Filter>Source Files\Graph</Filter>
    </ClCompile>
    <ClCompile Include="Kruskal.cpp">
      <Filter>Source Files\Graph</Filter>
    </ClCompile>
    <ClCompile Include="Dijkstra.cpp">
      <Filter>Source Files\Graph</Filter>
    </ClCompile>
    <ClCompile Include="Dijkstra1.cpp">
      <Filter>Source Files\Graph</Filter>
    </ClCompile>
    <ClCompile Include="Dijkstra2.cpp">
      <Filter>Source Files\Graph</Filter>
    </ClCompile>
    <ClCompile Include="UVa 658 It%27s not a Bug.cpp">
      <Filter>Source Files\Graph</Filter>
    </ClCompile>
    <ClCompile Include="Edmonds-Krap.cpp">
      <Filter>Source Files\Graph</Filter>
    </ClCompile>
    <ClCompile Include="MCMF.cpp">
      <Filter>Source Files\Graph</Filter>
    </ClCompile>
    <ClCompile Include="Permutation.cpp">
      <Filter>Source Files\Exhaustive Search</Filter>
    </ClCompile>
    <ClCompile Include="Subset.cpp">
      <Filter>Source Files\Exhaustive Search</Filter>
    </ClCompile>
    <ClCompile Include="Convex Hull.cpp">
      <Filter>Source Files\Geometry</Filter>
    </ClCompile>
    <ClCompile Include="POJ1113-Wall.cpp">
      <Filter>Source Files\Geometry</Filter>
    </ClCompile>
    <ClCompile Include="poj3080.cpp">
      <Filter>Source Files\String</Filter>
    </ClCompile>
    <ClCompile Include="BitToString.cpp">
      <Filter>Source Files\String</Filter>
    </ClCompile>
    <ClCompile Include="poj1125.cpp">
      <Filter>Source Files\Graph</Filter>
    </ClCompile>
    <ClCompile Include="TreeArray.cpp">
      <Filter>Source Files\DataStructure</Filter>
    </ClCompile>
    <ClCompile Include="RMQ Poj3264.cpp">
      <Filter>Source Files\DataStructure</Filter>
    </ClCompile>
    <ClCompile Include="enumeration poj1753.cpp">
      <Filter>Source Files\Exhaustive Search</Filter>
    </ClCompile>
    <ClCompile Include="TurnOverChess.cpp">
      <Filter>Source Files\Nim</Filter>
    </ClCompile>
    <ClCompile Include="Erase and Add.cpp">
      <Filter>Source Files\String</Filter>
    </ClCompile>
    <ClCompile Include="poj1068.cpp">
      <Filter>Source Files\POJSet\Base</Filter>
    </ClCompile>
    <ClCompile Include="poj3295.cpp">
      <Filter>Source Files\POJSet\Base</Filter>
    </ClCompile>
    <ClCompile Include="poj2632.cpp">
      <Filter>Source Files\POJSet\Base</Filter>
    </ClCompile>
    <ClCompile Include="UVa1395.cpp">
      <Filter>Source Files\Graph</Filter>
    </ClCompile>
    <ClCompile Include="poj1860.cpp">
      <Filter>Source Files\POJSet\Base</Filter>
    </ClCompile>
    <ClCompile Include="poj1860 别人.cpp">
      <Filter>Source Files\POJSet\Base</Filter>
    </ClCompile>
    <ClCompile Include="poj1094.cpp">
      <Filter>Source Files\POJSet\Base</Filter>
    </ClCompile>
    <ClCompile Include="UVa 10305 Topo.cpp">
      <Filter>Source Files\Graph</Filter>
    </ClCompile>
    <ClCompile Include="poj3041.cpp">
      <Filter>Source Files\POJSet\Base</Filter>
    </ClCompile>
    <ClCompile Include="poj1459.cpp">
      <Filter>Source Files\POJSet\Base</Filter>
    </ClCompile>
    <ClCompile Include="poj2299.cpp">
      <Filter>Source Files\POJSet\Base</Filter>
    </ClCompile>
    <ClCompile Include="poj1035.cpp">
      <Filter>Source Files\POJSet\Base</Filter>
    </ClCompile>
    <ClCompile Include="poj3349 hash.cpp">
      <Filter>Source Files\POJSet\Base</Filter>
    </ClCompile>
    <ClCompile Include="poj3253.cpp">
      <Filter>Source Files\POJSet\Base</Filter>
    </ClCompile>
    <ClCompile Include="LA 3942 Trie.cpp">
      <Filter>Source Files\DataStructure</Filter>
    </ClCompile>
    <ClCompile Include="poj2531.cpp">
      <Filter>Source Files\POJSet\Base</Filter>
    </ClCompile>
    <ClCompile Include="poj3083.cpp">
      <Filter>Source Files\POJSet\Base</Filter>
    </ClCompile>
    <ClCompile Include="poj1426.cpp">
      <Filter>Source Files\POJSet\Base</Filter>
    </ClCompile>
    <ClCompile Include="poj1416.cpp">
      <Filter>Source Files\POJSet\Base</Filter>
    </ClCompile>
    <ClCompile Include="poj1837.cpp">
      <Filter>Source Files\POJSet\Base</Filter>
    </ClCompile>
    <ClCompile Include="poj3267.cpp">
      <Filter>Source Files\POJSet\Base</Filter>
    </ClCompile>
    <ClCompile Include="poj3176.cpp">
      <Filter>Source Files\POJSet\Base</Filter>
    </ClCompile>
    <ClCompile Include="poj3009.cpp">
      <Filter>Source Files\POJSet\Base</Filter>
    </ClCompile>
    <ClCompile Include="poj3126.cpp">
      <Filter>Source Files\POJSet\Base</Filter>
    </ClCompile>
    <ClCompile Include="poj1129.cpp">
      <Filter>Source Files\POJSet\Base</Filter>
    </ClCompile>
    <ClCompile Include="poj1276.cpp">
      <Filter>Source Files\POJSet\Base</Filter>
    </ClCompile>
    <ClCompile Include="poj1836 别人的.cpp">
      <Filter>Source Files\POJSet\Base</Filter>
    </ClCompile>
    <ClCompile Include="poj1836.cpp">
      <Filter>Source Files\POJSet\Base</Filter>
    </ClCompile>
    <ClCompile Include="poj1260 错误的贪心算法.cpp">
      <Filter>Source Files\POJSet\Base</Filter>
    </ClCompile>
    <ClCompile Include="poj2533 LIS.cpp">
      <Filter>Source Files\POJSet\Base</Filter>
    </ClCompile>
    <ClCompile Include="poj1159 LCS+滚动数组+回文串.cpp">
      <Filter>Source Files\POJSet\Base</Filter>
    </ClCompile>
    <ClCompile Include="poj3252.cpp">
      <Filter>Source Files\POJSet\Base</Filter>
    </ClCompile>
    <ClCompile Include="poj1850.cpp">
      <Filter>Source Files\POJSet\Base</Filter>
    </ClCompile>
    <ClCompile Include="poj1019.cpp">
      <Filter>Source Files\POJSet\Base</Filter>
    </ClCompile>
    <ClCompile Include="poj3292.cpp">
      <Filter>Source Files\POJSet\Base</Filter>
    </ClCompile>
    <ClCompile Include="poj3258.cpp">
      <Filter>Source Files\POJSet\Base</Filter>
    </ClCompile>
    <ClCompile Include="A Quailty and Playing Cards.cpp">
      <Filter>Source Files\Game</Filter>
    </ClCompile>
    <ClCompile Include="poj2031.cpp">
      <Filter>Source Files\POJSet\Base</Filter>
    </ClCompile>
    <ClCompile Include="poj1039.cpp">
      <Filter>Source Files\POJSet\Base</Filter>
    </ClCompile>
    <ClCompile Include="poj1408.cpp">
      <Filter>Source Files\POJSet\Base</Filter>
    </ClCompile>
    <ClCompile Include="poj3096.cpp">
      <Filter>Source Files\POJSet\Intermediate</Filter>
    </ClCompile>
    <ClCompile Include="poj1584.cpp">
      <Filter>Source Files\POJSet\Base</Filter>
    </ClCompile>
    <ClCompile Include="poj1472.cpp">
      <Filter>Source Files\POJSet\Intermediate</Filter>
    </ClCompile>
    <ClCompile Include="poj1027 错误思想.cpp">
      <Filter>Source Files\POJSet\Intermediate</Filter>
    </ClCompile>
    <ClCompile Include="poj1027 别人的.cpp">
      <Filter>Source Files\POJSet\Intermediate</Filter>
    </ClCompile>
    <ClCompile Include="poj1328 别人的正确的跟我差不多的答案.cpp">
      <Filter>Source Files\POJSet\Base</Filter>
    </ClCompile>
    <ClCompile Include="poj1328 错误.cpp">
      <Filter>Source Files\POJSet\Base</Filter>
    </ClCompile>
    <ClCompile Include="poj1328.cpp">
      <Filter>Source Files\POJSet\Base</Filter>
    </ClCompile>
    <ClCompile Include="poj1753.cpp">
      <Filter>Source Files\POJSet\Base</Filter>
    </ClCompile>
    <ClCompile Include="poj2488 dfs.cpp">
      <Filter>Source Files\POJSet\Base</Filter>
    </ClCompile>
    <ClCompile Include="poj2965.cpp">
      <Filter>Source Files\POJSet\Base</Filter>
    </ClCompile>
    <ClCompile Include="poj3278.cpp">
      <Filter>Source Files\POJSet\Base</Filter>
    </ClCompile>
    <ClCompile Include="poj3259.cpp">
      <Filter>Source Files\POJSet\Base</Filter>
    </ClCompile>
    <ClCompile Include="poj3373.cpp">
      <Filter>Source Files\POJSet\Intermediate</Filter>
    </ClCompile>
    <ClCompile Include="poj1691.cpp">
      <Filter>Source Files\POJSet\Intermediate</Filter>
    </ClCompile>
    <ClCompile Include="poj1191.cpp">
      <Filter>Source Files\POJSet\Intermediate</Filter>
    </ClCompile>
    <ClCompile Include="poj2057.cpp">
      <Filter>Source Files\POJSet\Intermediate</Filter>
    </ClCompile>
    <ClCompile Include="poj2411.cpp">
      <Filter>Source Files\POJSet\Intermediate</Filter>
    </ClCompile>
    <ClCompile Include="poj1947.cpp">
      <Filter>Source Files\POJSet\Intermediate</Filter>
    </ClCompile>
    <ClCompile Include="喵哈哈村的括号序列.cpp">
      <Filter>Source Files\DP</Filter>
    </ClCompile>
    <ClCompile Include="SG.cpp">
      <Filter>Source Files\Nim</Filter>
    </ClCompile>
    <ClCompile Include="Prim.cpp">
      <Filter>Source Files\Graph</Filter>
    </ClCompile>
    <ClCompile Include="喵哈哈村的本周会议（五）.cpp">
      <Filter>Source Files\DP</Filter>
    </ClCompile>
    <ClCompile Include="uva11235.cpp">
      <Filter>Source Files\DataStructure</Filter>
    </ClCompile>
    <ClCompile Include="la3938.cpp">
      <Filter>Source Files\DataStructure</Filter>
    </ClCompile>
    <ClCompile Include="喵哈哈村的种树大赛.cpp">
      <Filter>Source Files\DataStructure</Filter>
    </ClCompile>
    <ClCompile Include="喵哈哈村的种树大赛 自底向下线段树.cpp">
      <Filter>Source Files\DataStructure</Filter>
    </ClCompile>
    <ClCompile Include="Tyvj1305 喵哈哈村的魔力源泉（4）单调dp.cpp">
      <Filter>Source Files\DP</Filter>
    </ClCompile>
  </ItemGroup>
</Project>