<?xml version="1.0" encoding="utf-8"?>
<Project ToolsVersion="4.0" xmlns="http://schemas.microsoft.com/developer/msbuild/2003">
  <ItemGroup>
    <Filter Include="Source Files">
      <UniqueIdentifier>{4FC737F1-C7A5-4376-A066-2A32D752A2FF}</UniqueIdentifier>
      <Extensions>cpp;c;cc;cxx;def;odl;idl;hpj;bat;asm;asmx</Extensions>
    </Filter>
    <Filter Include="Header Files">
      <UniqueIdentifier>{93995380-89BD-4b04-88EB-625FBE52EBFB}</UniqueIdentifier>
      <Extensions>h;hh;hpp;hxx;hm;inl;inc;xsd</Extensions>
    </Filter>
    <Filter Include="Resource Files">
      <UniqueIdentifier>{67DA6AB6-F800-4c08-8B7A-83BB121AAD01}</UniqueIdentifier>
      <Extensions>rc;ico;cur;bmp;dlg;rc2;rct;bin;rgs;gif;jpg;jpeg;jpe;resx;tiff;tif;png;wav;mfcribbon-ms</Extensions>
    </Filter>
    <Filter Include="Source Files\STL">
      <UniqueIdentifier>{09500a3b-70c3-44e7-9652-548f2fc25a6b}</UniqueIdentifier>
    </Filter>
    <Filter Include="Source Files\Graph">
      <UniqueIdentifier>{b05640d4-4402-40ac-a5f3-173e2d7432d3}</UniqueIdentifier>
    </Filter>
    <Filter Include="Source Files\DP">
      <UniqueIdentifier>{5c253277-ac4e-4d5e-b433-d1d473812790}</UniqueIdentifier>
    </Filter>
    <Filter Include="Source Files\Exhaustive Search">
      <UniqueIdentifier>{55e445ea-2f7d-422b-8274-a44262cc5bc3}</UniqueIdentifier>
    </Filter>
    <Filter Include="Source Files\Geometry">
      <UniqueIdentifier>{eacc5842-7b9d-420b-afc3-c14cabe0d37f}</UniqueIdentifier>
    </Filter>
    <Filter Include="Source Files\String">
      <UniqueIdentifier>{637a3190-5156-47b3-ae10-0f0f30ae759b}</UniqueIdentifier>
    </Filter>
    <Filter Include="Source Files\DataStructure">
      <UniqueIdentifier>{5fbd41fe-5694-4c1b-b82c-2010bc009322}</UniqueIdentifier>
    </Filter>
    <Filter Include="Source Files\Nim">
      <UniqueIdentifier>{389a349c-a9f7-42ed-837e-f0bc4ab2224a}</UniqueIdentifier>
    </Filter>
    <Filter Include="Source Files\POJSet">
      <UniqueIdentifier>{abff2768-02b2-4416-a154-7d318ecc4504}</UniqueIdentifier>
    </Filter>
    <Filter Include="Source Files\POJSet\Base">
      <UniqueIdentifier>{c901347e-ea75-49a0-8b5a-add96d7b46da}</UniqueIdentifier>
    </Filter>
    <Filter Include="Source Files\Game">
      <UniqueIdentifier>{12691bf2-1e4b-4bd6-8e5f-a8a8358b8ec1}</UniqueIdentifier>
    </Filter>
    <Filter Include="Source Files\POJSet\Intermediate">
      <UniqueIdentifier>{17d53d60-d0eb-4516-a08c-49aa56b94da7}</UniqueIdentifier>
    </Filter>
    <Filter Include="Source Files\Math">
      <UniqueIdentifier>{8618eb73-d50f-4ffd-b3d2-c6996d150aa5}</UniqueIdentifier>
    </Filter>
    <Filter Include="Source Files\Mimic">
      <UniqueIdentifier>{7688e6db-21de-4ec9-a8ec-75c3132627f7}</UniqueIdentifier>
    </Filter>
    <Filter Include="Source Files\CF">
      <UniqueIdentifier>{15bed0ee-58d0-4a38-baee-6d9b9afdab74}</UniqueIdentifier>
    </Filter>
    <Filter Include="Source Files\CF\Codeforces Round #432 div2">
      <UniqueIdentifier>{bf6f576b-0d77-4d0e-8731-d885240b0aed}</UniqueIdentifier>
    </Filter>
    <Filter Include="Source Files\CF\Codeforces Round #434">
      <UniqueIdentifier>{47f71a7d-b5d0-435d-bbcc-7fd549d5a105}</UniqueIdentifier>
    </Filter>
    <Filter Include="Source Files\CF\Codeforces Round #435">
      <UniqueIdentifier>{54816b9b-4ce0-4f27-9f9c-9d93815efbc7}</UniqueIdentifier>
    </Filter>
    <Filter Include="Source Files\LeetCode">
      <UniqueIdentifier>{b7c82500-7a45-42a6-9e90-0a28a273a57a}</UniqueIdentifier>
    </Filter>
    <Filter Include="Source Files\CF\Codeforces Round #436 %28Div.2%29">
      <UniqueIdentifier>{d94a98ce-ff7f-4615-9e01-043e75fb3eb2}</UniqueIdentifier>
    </Filter>
    <Filter Include="Source Files\CF\Manthan, Codefest 17">
      <UniqueIdentifier>{8dc8070e-1a02-4e01-9008-db6dc21d1288}</UniqueIdentifier>
    </Filter>
    <Filter Include="Source Files\CF\Codeforces Round #433 div2">
      <UniqueIdentifier>{6bddd251-2bc7-4b1f-8b6c-9a5f25db31d7}</UniqueIdentifier>
    </Filter>
    <Filter Include="Source Files\CF\Codeforces Round #434 div2">
      <UniqueIdentifier>{27aa1573-7a80-42d9-842f-ccc39f2152bd}</UniqueIdentifier>
    </Filter>
    <Filter Include="Source Files\CF\Codeforces Round #429 div2">
      <UniqueIdentifier>{f37b86fd-7597-4829-8eb0-5cd67595a1df}</UniqueIdentifier>
    </Filter>
    <Filter Include="Source Files\CF\Codeforces Round #428 div2">
      <UniqueIdentifier>{4a340849-866b-4e94-a6c8-90159e8bead8}</UniqueIdentifier>
    </Filter>
    <Filter Include="Source Files\CF\Codeforces Round #427">
      <UniqueIdentifier>{c92bcf6d-6d3e-4739-b691-5662c1408696}</UniqueIdentifier>
    </Filter>
    <Filter Include="Source Files\CF\Codeforces Round #426">
      <UniqueIdentifier>{bd14a0ea-c3bd-4a3e-a3b8-0591ac5f6f80}</UniqueIdentifier>
    </Filter>
    <Filter Include="Source Files\CF\Codeforces Round #438">
      <UniqueIdentifier>{3340c3f6-9b4f-4961-93e5-7874a9a20be5}</UniqueIdentifier>
    </Filter>
    <Filter Include="Source Files\CF\Codeforces Round #439">
      <UniqueIdentifier>{c07c23be-38a5-4b00-bc8e-3d95f0b40215}</UniqueIdentifier>
    </Filter>
    <Filter Include="Source Files\Uva">
      <UniqueIdentifier>{42a7dda3-d2ba-4deb-b531-e79a4da0edde}</UniqueIdentifier>
    </Filter>
    <Filter Include="Source Files\Uva\basic struct">
      <UniqueIdentifier>{23663a61-fb47-47ee-917d-bfdd577ec36e}</UniqueIdentifier>
    </Filter>
  </ItemGroup>
  <ItemGroup>
    <ClCompile Include="source\Source Files\Source.cpp">
      <Filter>Source Files</Filter>
    </ClCompile>
    <ClCompile Include="source\Source Files\STL\UVa12096 The SetStack Computer.cpp">
      <Filter>Source Files\STL</Filter>
    </ClCompile>
    <ClCompile Include="source\Source Files\Graph\convertRootTree.cpp">
      <Filter>Source Files\Graph</Filter>
    </ClCompile>
    <ClCompile Include="source\Source Files\Graph\Dijkstra.cpp">
      <Filter>Source Files\Graph</Filter>
    </ClCompile>
    <ClCompile Include="source\Source Files\Graph\Dijkstra1.cpp">
      <Filter>Source Files\Graph</Filter>
    </ClCompile>
    <ClCompile Include="source\Source Files\Graph\Dijkstra2.cpp">
      <Filter>Source Files\Graph</Filter>
    </ClCompile>
    <ClCompile Include="source\Source Files\Graph\Edmonds-Krap.cpp">
      <Filter>Source Files\Graph</Filter>
    </ClCompile>
    <ClCompile Include="source\Source Files\Graph\ExpressionTree.cpp">
      <Filter>Source Files\Graph</Filter>
    </ClCompile>
    <ClCompile Include="source\Source Files\Graph\Kruskal.cpp">
      <Filter>Source Files\Graph</Filter>
    </ClCompile>
    <ClCompile Include="source\Source Files\Graph\MCMF.cpp">
      <Filter>Source Files\Graph</Filter>
    </ClCompile>
    <ClCompile Include="source\Source Files\Graph\poj1125.cpp">
      <Filter>Source Files\Graph</Filter>
    </ClCompile>
    <ClCompile Include="source\Source Files\Graph\Prim.cpp">
      <Filter>Source Files\Graph</Filter>
    </ClCompile>
    <ClCompile Include="source\Source Files\Graph\UVa 10305 Topo.cpp">
      <Filter>Source Files\Graph</Filter>
    </ClCompile>
    <ClCompile Include="source\Source Files\Graph\UVa 658 It%27s not a Bug.cpp">
      <Filter>Source Files\Graph</Filter>
    </ClCompile>
    <ClCompile Include="source\Source Files\Graph\UVa1395.cpp">
      <Filter>Source Files\Graph</Filter>
    </ClCompile>
    <ClCompile Include="source\Source Files\DP\hdu1693 插头dp.cpp">
      <Filter>Source Files\DP</Filter>
    </ClCompile>
    <ClCompile Include="source\Source Files\DP\hdu3506 环形DP+四边形不等式优化.cpp">
      <Filter>Source Files\DP</Filter>
    </ClCompile>
    <ClCompile Include="source\Source Files\DP\hdu5900.cpp">
      <Filter>Source Files\DP</Filter>
    </ClCompile>
    <ClCompile Include="source\Source Files\DP\Tyvj1305 喵哈哈村的魔力源泉（4）单调dp.cpp">
      <Filter>Source Files\DP</Filter>
    </ClCompile>
    <ClCompile Include="source\Source Files\DP\单调队列优化决策DP.cpp">
      <Filter>Source Files\DP</Filter>
    </ClCompile>
    <ClCompile Include="source\Source Files\DP\喵哈哈村的括号序列.cpp">
      <Filter>Source Files\DP</Filter>
    </ClCompile>
    <ClCompile Include="source\Source Files\DP\喵哈哈村的本周会议（五）.cpp">
      <Filter>Source Files\DP</Filter>
    </ClCompile>
    <ClCompile Include="source\Source Files\Exhaustive Search\Codeforces Round 431 A Odds and Ends.cpp">
      <Filter>Source Files\Exhaustive Search</Filter>
    </ClCompile>
    <ClCompile Include="source\Source Files\Exhaustive Search\enumeration poj1753.cpp">
      <Filter>Source Files\Exhaustive Search</Filter>
    </ClCompile>
    <ClCompile Include="source\Source Files\Exhaustive Search\Permutation.cpp">
      <Filter>Source Files\Exhaustive Search</Filter>
    </ClCompile>
    <ClCompile Include="source\Source Files\Exhaustive Search\Subset.cpp">
      <Filter>Source Files\Exhaustive Search</Filter>
    </ClCompile>
    <ClCompile Include="source\Source Files\Geometry\Convex Hull.cpp">
      <Filter>Source Files\Geometry</Filter>
    </ClCompile>
    <ClCompile Include="source\Source Files\Geometry\POJ1113-Wall.cpp">
      <Filter>Source Files\Geometry</Filter>
    </ClCompile>
    <ClCompile Include="source\Source Files\String\BitToString.cpp">
      <Filter>Source Files\String</Filter>
    </ClCompile>
    <ClCompile Include="source\Source Files\String\Erase and Add.cpp">
      <Filter>Source Files\String</Filter>
    </ClCompile>
    <ClCompile Include="source\Source Files\String\poj3080.cpp">
      <Filter>Source Files\String</Filter>
    </ClCompile>
    <ClCompile Include="source\Source Files\DataStructure\la3938.cpp">
      <Filter>Source Files\DataStructure</Filter>
    </ClCompile>
    <ClCompile Include="source\Source Files\DataStructure\LA 3942 Trie.cpp">
      <Filter>Source Files\DataStructure</Filter>
    </ClCompile>
    <ClCompile Include="source\Source Files\DataStructure\RMQ Poj3264.cpp">
      <Filter>Source Files\DataStructure</Filter>
    </ClCompile>
    <ClCompile Include="source\Source Files\DataStructure\喵哈哈村的种树大赛 自底向下线段树.cpp">
      <Filter>Source Files\DataStructure</Filter>
    </ClCompile>
    <ClCompile Include="source\Source Files\DataStructure\TreeArray.cpp">
      <Filter>Source Files\DataStructure</Filter>
    </ClCompile>
    <ClCompile Include="source\Source Files\DataStructure\uva11235.cpp">
      <Filter>Source Files\DataStructure</Filter>
    </ClCompile>
    <ClCompile Include="source\Source Files\DataStructure\喵哈哈村的种树大赛.cpp">
      <Filter>Source Files\DataStructure</Filter>
    </ClCompile>
    <ClCompile Include="source\Source Files\Nim\SG.cpp">
      <Filter>Source Files\Nim</Filter>
    </ClCompile>
    <ClCompile Include="source\Source Files\Nim\TurnOverChess.cpp">
      <Filter>Source Files\Nim</Filter>
    </ClCompile>
    <ClCompile Include="source\Source Files\POJSet\Base\poj2488 dfs.cpp">
      <Filter>Source Files\POJSet\Base</Filter>
    </ClCompile>
    <ClCompile Include="source\Source Files\POJSet\Base\poj3259.cpp">
      <Filter>Source Files\POJSet\Base</Filter>
    </ClCompile>
    <ClCompile Include="source\Source Files\POJSet\Base\poj3278.cpp">
      <Filter>Source Files\POJSet\Base</Filter>
    </ClCompile>
    <ClCompile Include="source\Source Files\POJSet\Base\poj1019.cpp">
      <Filter>Source Files\POJSet\Base</Filter>
    </ClCompile>
    <ClCompile Include="source\Source Files\POJSet\Base\poj1035.cpp">
      <Filter>Source Files\POJSet\Base</Filter>
    </ClCompile>
    <ClCompile Include="source\Source Files\POJSet\Base\poj1039.cpp">
      <Filter>Source Files\POJSet\Base</Filter>
    </ClCompile>
    <ClCompile Include="source\Source Files\POJSet\Base\poj1094.cpp">
      <Filter>Source Files\POJSet\Base</Filter>
    </ClCompile>
    <ClCompile Include="source\Source Files\POJSet\Base\poj1129.cpp">
      <Filter>Source Files\POJSet\Base</Filter>
    </ClCompile>
    <ClCompile Include="source\Source Files\POJSet\Base\poj1159 LCS+滚动数组+回文串.cpp">
      <Filter>Source Files\POJSet\Base</Filter>
    </ClCompile>
    <ClCompile Include="source\Source Files\POJSet\Base\poj1260 错误的贪心算法.cpp">
      <Filter>Source Files\POJSet\Base</Filter>
    </ClCompile>
    <ClCompile Include="source\Source Files\POJSet\Base\poj1276.cpp">
      <Filter>Source Files\POJSet\Base</Filter>
    </ClCompile>
    <ClCompile Include="source\Source Files\POJSet\Base\poj1408.cpp">
      <Filter>Source Files\POJSet\Base</Filter>
    </ClCompile>
    <ClCompile Include="source\Source Files\POJSet\Base\poj1416.cpp">
      <Filter>Source Files\POJSet\Base</Filter>
    </ClCompile>
    <ClCompile Include="source\Source Files\POJSet\Base\poj1426.cpp">
      <Filter>Source Files\POJSet\Base</Filter>
    </ClCompile>
    <ClCompile Include="source\Source Files\POJSet\Base\poj1459.cpp">
      <Filter>Source Files\POJSet\Base</Filter>
    </ClCompile>
    <ClCompile Include="source\Source Files\POJSet\Base\poj1584.cpp">
      <Filter>Source Files\POJSet\Base</Filter>
    </ClCompile>
    <ClCompile Include="source\Source Files\POJSet\Base\poj1836 别人的.cpp">
      <Filter>Source Files\POJSet\Base</Filter>
    </ClCompile>
    <ClCompile Include="source\Source Files\POJSet\Base\poj1836.cpp">
      <Filter>Source Files\POJSet\Base</Filter>
    </ClCompile>
    <ClCompile Include="source\Source Files\POJSet\Base\poj1837.cpp">
      <Filter>Source Files\POJSet\Base</Filter>
    </ClCompile>
    <ClCompile Include="source\Source Files\POJSet\Base\poj1850.cpp">
      <Filter>Source Files\POJSet\Base</Filter>
    </ClCompile>
    <ClCompile Include="source\Source Files\POJSet\Base\poj1860 别人.cpp">
      <Filter>Source Files\POJSet\Base</Filter>
    </ClCompile>
    <ClCompile Include="source\Source Files\POJSet\Base\poj1860.cpp">
      <Filter>Source Files\POJSet\Base</Filter>
    </ClCompile>
    <ClCompile Include="source\Source Files\POJSet\Base\poj2031.cpp">
      <Filter>Source Files\POJSet\Base</Filter>
    </ClCompile>
    <ClCompile Include="source\Source Files\POJSet\Base\poj2299.cpp">
      <Filter>Source Files\POJSet\Base</Filter>
    </ClCompile>
    <ClCompile Include="source\Source Files\POJSet\Base\poj2531.cpp">
      <Filter>Source Files\POJSet\Base</Filter>
    </ClCompile>
    <ClCompile Include="source\Source Files\POJSet\Base\poj2533 LIS.cpp">
      <Filter>Source Files\POJSet\Base</Filter>
    </ClCompile>
    <ClCompile Include="source\Source Files\POJSet\Base\poj2632.cpp">
      <Filter>Source Files\POJSet\Base</Filter>
    </ClCompile>
    <ClCompile Include="source\Source Files\POJSet\Base\poj3009.cpp">
      <Filter>Source Files\POJSet\Base</Filter>
    </ClCompile>
    <ClCompile Include="source\Source Files\POJSet\Base\poj3041.cpp">
      <Filter>Source Files\POJSet\Base</Filter>
    </ClCompile>
    <ClCompile Include="source\Source Files\POJSet\Base\poj3083.cpp">
      <Filter>Source Files\POJSet\Base</Filter>
    </ClCompile>
    <ClCompile Include="source\Source Files\POJSet\Base\poj3126.cpp">
      <Filter>Source Files\POJSet\Base</Filter>
    </ClCompile>
    <ClCompile Include="source\Source Files\POJSet\Base\poj3176.cpp">
      <Filter>Source Files\POJSet\Base</Filter>
    </ClCompile>
    <ClCompile Include="source\Source Files\POJSet\Base\poj3252.cpp">
      <Filter>Source Files\POJSet\Base</Filter>
    </ClCompile>
    <ClCompile Include="source\Source Files\POJSet\Base\poj3253.cpp">
      <Filter>Source Files\POJSet\Base</Filter>
    </ClCompile>
    <ClCompile Include="source\Source Files\POJSet\Base\poj3258.cpp">
      <Filter>Source Files\POJSet\Base</Filter>
    </ClCompile>
    <ClCompile Include="source\Source Files\POJSet\Base\poj3267.cpp">
      <Filter>Source Files\POJSet\Base</Filter>
    </ClCompile>
    <ClCompile Include="source\Source Files\POJSet\Base\poj3292.cpp">
      <Filter>Source Files\POJSet\Base</Filter>
    </ClCompile>
    <ClCompile Include="source\Source Files\POJSet\Base\poj3295.cpp">
      <Filter>Source Files\POJSet\Base</Filter>
    </ClCompile>
    <ClCompile Include="source\Source Files\POJSet\Base\poj1328 别人的正确的跟我差不多的答案.cpp">
      <Filter>Source Files\POJSet\Base</Filter>
    </ClCompile>
    <ClCompile Include="source\Source Files\POJSet\Base\poj1328 错误.cpp">
      <Filter>Source Files\POJSet\Base</Filter>
    </ClCompile>
    <ClCompile Include="source\Source Files\POJSet\Base\poj1328.cpp">
      <Filter>Source Files\POJSet\Base</Filter>
    </ClCompile>
    <ClCompile Include="source\Source Files\POJSet\Base\poj1753.cpp">
      <Filter>Source Files\POJSet\Base</Filter>
    </ClCompile>
    <ClCompile Include="source\Source Files\POJSet\Base\poj1068.cpp">
      <Filter>Source Files\POJSet\Base</Filter>
    </ClCompile>
    <ClCompile Include="source\Source Files\POJSet\Base\poj2965.cpp">
      <Filter>Source Files\POJSet\Base</Filter>
    </ClCompile>
    <ClCompile Include="source\Source Files\POJSet\Base\poj3349 hash.cpp">
      <Filter>Source Files\POJSet\Base</Filter>
    </ClCompile>
    <ClCompile Include="source\Source Files\POJSet\Intermediate\poj1947.cpp">
      <Filter>Source Files\POJSet\Intermediate</Filter>
    </ClCompile>
    <ClCompile Include="source\Source Files\POJSet\Intermediate\poj1191.cpp">
      <Filter>Source Files\POJSet\Intermediate</Filter>
    </ClCompile>
    <ClCompile Include="source\Source Files\POJSet\Intermediate\poj1691.cpp">
      <Filter>Source Files\POJSet\Intermediate</Filter>
    </ClCompile>
    <ClCompile Include="source\Source Files\POJSet\Intermediate\poj2057.cpp">
      <Filter>Source Files\POJSet\Intermediate</Filter>
    </ClCompile>
    <ClCompile Include="source\Source Files\POJSet\Intermediate\poj2411.cpp">
      <Filter>Source Files\POJSet\Intermediate</Filter>
    </ClCompile>
    <ClCompile Include="source\Source Files\POJSet\Intermediate\poj1027 别人的.cpp">
      <Filter>Source Files\POJSet\Intermediate</Filter>
    </ClCompile>
    <ClCompile Include="source\Source Files\POJSet\Intermediate\poj1027 错误思想.cpp">
      <Filter>Source Files\POJSet\Intermediate</Filter>
    </ClCompile>
    <ClCompile Include="source\Source Files\POJSet\Intermediate\poj1472.cpp">
      <Filter>Source Files\POJSet\Intermediate</Filter>
    </ClCompile>
    <ClCompile Include="source\Source Files\POJSet\Intermediate\poj3096.cpp">
      <Filter>Source Files\POJSet\Intermediate</Filter>
    </ClCompile>
    <ClCompile Include="source\Source Files\POJSet\Intermediate\poj3373.cpp">
      <Filter>Source Files\POJSet\Intermediate</Filter>
    </ClCompile>
    <ClCompile Include="source\Source Files\Game\A Quailty and Playing Cards.cpp">
      <Filter>Source Files\Game</Filter>
    </ClCompile>
    <ClCompile Include="source\Source Files\Math\prime factor and Euler.cpp">
      <Filter>Source Files\Math</Filter>
    </ClCompile>
    <ClCompile Include="source\Source Files\Mimic\Codeforces Round 431 Odds and Ends B.cpp">
      <Filter>Source Files\Mimic</Filter>
    </ClCompile>
    <ClCompile Include="source\Source Files\CF\Codeforces Round #434\A.cpp">
      <Filter>Source Files\CF\Codeforces Round #434</Filter>
    </ClCompile>
    <ClCompile Include="source\Source Files\CF\Codeforces Round #434\B.cpp">
      <Filter>Source Files\CF\Codeforces Round #434</Filter>
    </ClCompile>
    <ClCompile Include="source\Source Files\CF\Codeforces Round #434\C.cpp">
      <Filter>Source Files\CF\Codeforces Round #434</Filter>
    </ClCompile>
    <ClCompile Include="source\Source Files\CF\Codeforces Round #434\D.cpp">
      <Filter>Source Files\CF\Codeforces Round #434</Filter>
    </ClCompile>
    <ClCompile Include="source\Source Files\CF\Codeforces Round #434\D2.cpp">
      <Filter>Source Files\CF\Codeforces Round #434</Filter>
    </ClCompile>
    <ClCompile Include="source\Source Files\CF\Codeforces Round #434\D3.cpp">
      <Filter>Source Files\CF\Codeforces Round #434</Filter>
    </ClCompile>
    <ClCompile Include="source\Source Files\CF\Codeforces Round #435\A. Mahmoud and Ehab and the MEX.cpp">
      <Filter>Source Files\CF\Codeforces Round #435</Filter>
    </ClCompile>
    <ClCompile Include="source\Source Files\CF\Codeforces Round #435\B. Mahmoud and Ehab and the bipartiteness.cpp">
      <Filter>Source Files\CF\Codeforces Round #435</Filter>
    </ClCompile>
    <ClCompile Include="source\Source Files\CF\Codeforces Round #435\C. Mahmoud and Ehab and the xor.cpp">
      <Filter>Source Files\CF\Codeforces Round #435</Filter>
    </ClCompile>
    <ClCompile Include="source\Source Files\CF\Manthan, Codefest 17\B.cpp">
      <Filter>Source Files\CF\Manthan, Codefest 17</Filter>
    </ClCompile>
    <ClCompile Include="source\Source Files\CF\Codeforces Round #432 div2\C divisor.cpp">
      <Filter>Source Files\CF\Codeforces Round #432 div2</Filter>
    </ClCompile>
    <ClCompile Include="source\Source Files\CF\Codeforces Round #432 div2\C 因数版.cpp">
      <Filter>Source Files\CF\Codeforces Round #432 div2</Filter>
    </ClCompile>
    <ClCompile Include="source\Source Files\CF\Codeforces Round #435\D binary 范围二分搜索.cpp">
      <Filter>Source Files\CF\Codeforces Round #435</Filter>
    </ClCompile>
    <ClCompile Include="source\Source Files\CF\Codeforces Round #435\D 错的.cpp">
      <Filter>Source Files\CF\Codeforces Round #435</Filter>
    </ClCompile>
    <ClCompile Include="source\Source Files\CF\Codeforces Round #436 (Div.2)\A.cpp">
      <Filter>Source Files\CF\Codeforces Round #436 %28Div.2%29</Filter>
    </ClCompile>
    <ClCompile Include="source\Source Files\CF\Codeforces Round #436 (Div.2)\C.cpp">
      <Filter>Source Files\CF\Codeforces Round #436 %28Div.2%29</Filter>
    </ClCompile>
    <ClCompile Include="source\Source Files\CF\Codeforces Round #436 (Div.2)\D.cpp">
      <Filter>Source Files\CF\Codeforces Round #436 %28Div.2%29</Filter>
    </ClCompile>
    <ClCompile Include="source\Source Files\CF\Codeforces Round #436 (Div.2)\B.cpp">
      <Filter>Source Files\CF\Codeforces Round #436 %28Div.2%29</Filter>
    </ClCompile>
    <ClCompile Include="source\Source Files\CF\Manthan, Codefest 17\B 官方.cpp">
      <Filter>Source Files\CF\Manthan, Codefest 17</Filter>
    </ClCompile>
    <ClCompile Include="source\Source Files\CF\Manthan, Codefest 17\C 1.cpp">
      <Filter>Source Files\CF\Manthan, Codefest 17</Filter>
    </ClCompile>
    <ClCompile Include="source\Source Files\CF\Manthan, Codefest 17\C 2.cpp">
      <Filter>Source Files\CF\Manthan, Codefest 17</Filter>
    </ClCompile>
    <ClCompile Include="source\Source Files\CF\Codeforces Round #433 div2\A Fraction.cpp">
      <Filter>Source Files\CF\Codeforces Round #433 div2</Filter>
    </ClCompile>
    <ClCompile Include="source\Source Files\CF\Codeforces Round #433 div2\B Apartment.cpp">
      <Filter>Source Files\CF\Codeforces Round #433 div2</Filter>
    </ClCompile>
    <ClCompile Include="source\Source Files\CF\Codeforces Round #433 div2\C prioprity queue.cpp">
      <Filter>Source Files\CF\Codeforces Round #433 div2</Filter>
    </ClCompile>
    <ClCompile Include="source\Source Files\CF\Codeforces Round #433 div2\C 别人的.cpp">
      <Filter>Source Files\CF\Codeforces Round #433 div2</Filter>
    </ClCompile>
    <ClCompile Include="source\Source Files\CF\Codeforces Round #433 div2\D airport.cpp">
      <Filter>Source Files\CF\Codeforces Round #433 div2</Filter>
    </ClCompile>
    <ClCompile Include="source\Source Files\CF\Codeforces Round #433 div2\D 别人的.cpp">
      <Filter>Source Files\CF\Codeforces Round #433 div2</Filter>
    </ClCompile>
    <ClCompile Include="source\Source Files\CF\Codeforces Round #434 div2\c dividend.cpp">
      <Filter>Source Files\CF\Codeforces Round #434 div2</Filter>
    </ClCompile>
    <ClCompile Include="source\Source Files\CF\Codeforces Round #434 div2\c duvudend 第二版错的.cpp">
      <Filter>Source Files\CF\Codeforces Round #434 div2</Filter>
    </ClCompile>
    <ClCompile Include="source\Source Files\CF\Codeforces Round #434 div2\c 别人的 分类做很好做.cpp">
      <Filter>Source Files\CF\Codeforces Round #434 div2</Filter>
    </ClCompile>
    <ClCompile Include="source\Source Files\CF\Codeforces Round #434 div2\c 我做的.cpp">
      <Filter>Source Files\CF\Codeforces Round #434 div2</Filter>
    </ClCompile>
    <ClCompile Include="source\Source Files\CF\Codeforces Round #434 div2\c 第5版错的.cpp">
      <Filter>Source Files\CF\Codeforces Round #434 div2</Filter>
    </ClCompile>
    <ClCompile Include="source\Source Files\CF\Codeforces Round #434 div2\c 第三版错的.cpp">
      <Filter>Source Files\CF\Codeforces Round #434 div2</Filter>
    </ClCompile>
    <ClCompile Include="source\Source Files\CF\Codeforces Round #434 div2\c 第四版错的.cpp">
      <Filter>Source Files\CF\Codeforces Round #434 div2</Filter>
    </ClCompile>
    <ClCompile Include="source\Source Files\CF\Codeforces Round #429 div2\D 第一次独立通过D题.cpp">
      <Filter>Source Files\CF\Codeforces Round #429 div2</Filter>
    </ClCompile>
    <ClCompile Include="source\Source Files\CF\Codeforces Round #428 div2\B 不看榜的后果.cpp">
      <Filter>Source Files\CF\Codeforces Round #428 div2</Filter>
    </ClCompile>
    <ClCompile Include="source\Source Files\CF\Codeforces Round #428 div2\B 优雅的模拟.cpp">
      <Filter>Source Files\CF\Codeforces Round #428 div2</Filter>
    </ClCompile>
    <ClCompile Include="source\Source Files\CF\Codeforces Round #428 div2\B 模仿别人的模拟还错那么多次.cpp">
      <Filter>Source Files\CF\Codeforces Round #428 div2</Filter>
    </ClCompile>
    <ClCompile Include="source\Source Files\CF\Codeforces Round #427\B r3.cpp">
      <Filter>Source Files\CF\Codeforces Round #427</Filter>
    </ClCompile>
    <ClCompile Include="source\Source Files\CF\Codeforces Round #427\B w1.cpp">
      <Filter>Source Files\CF\Codeforces Round #427</Filter>
    </ClCompile>
    <ClCompile Include="source\Source Files\CF\Codeforces Round #427\B w2.cpp">
      <Filter>Source Files\CF\Codeforces Round #427</Filter>
    </ClCompile>
    <ClCompile Include="source\Source Files\CF\Codeforces Round #427\c r 别人的.cpp">
      <Filter>Source Files\CF\Codeforces Round #427</Filter>
    </ClCompile>
    <ClCompile Include="source\Source Files\CF\Codeforces Round #427\c r4.cpp">
      <Filter>Source Files\CF\Codeforces Round #427</Filter>
    </ClCompile>
    <ClCompile Include="source\Source Files\CF\Codeforces Round #427\c w1.cpp">
      <Filter>Source Files\CF\Codeforces Round #427</Filter>
    </ClCompile>
    <ClCompile Include="source\Source Files\CF\Codeforces Round #427\c w2.cpp">
      <Filter>Source Files\CF\Codeforces Round #427</Filter>
    </ClCompile>
    <ClCompile Include="source\Source Files\CF\Codeforces Round #427\c w3.cpp">
      <Filter>Source Files\CF\Codeforces Round #427</Filter>
    </ClCompile>
    <ClCompile Include="source\Source Files\LeetCode\LeetCode Weekly Contest 51 B.cpp">
      <Filter>Source Files\LeetCode</Filter>
    </ClCompile>
    <ClCompile Include="source\Source Files\LeetCode\LeetCode Weekly Contest 51 C.cpp">
      <Filter>Source Files\LeetCode</Filter>
    </ClCompile>
    <ClCompile Include="c w1.cpp">
      <Filter>Source Files\CF\Codeforces Round #426</Filter>
    </ClCompile>
    <ClCompile Include="c w2.cpp">
      <Filter>Source Files\CF\Codeforces Round #426</Filter>
    </ClCompile>
    <ClCompile Include="B.cpp">
      <Filter>Source Files\CF\Codeforces Round #438</Filter>
    </ClCompile>
    <ClCompile Include="C.cpp">
      <Filter>Source Files\CF\Codeforces Round #438</Filter>
    </ClCompile>
    <ClCompile Include="C 乘数溢出.cpp">
      <Filter>Source Files\CF\Codeforces Round #439</Filter>
    </ClCompile>
    <ClCompile Include="A 自反性.cpp">
      <Filter>Source Files\CF\Codeforces Round #439</Filter>
    </ClCompile>
    <ClCompile Include="uva 442 w 栈的顺序有严重问题.cpp">
      <Filter>Source Files\Uva\basic struct</Filter>
    </ClCompile>
    <ClCompile Include="uva 514.cpp">
      <Filter>Source Files\Uva\basic struct</Filter>
    </ClCompile>
    <ClCompile Include="E.cpp">
      <Filter>Source Files\CF\Codeforces Round #439</Filter>
    </ClCompile>
    <ClCompile Include="D.cpp">
      <Filter>Source Files\CF\Codeforces Round #438</Filter>
    </ClCompile>
    <ClCompile Include="uva 11988.cpp">
      <Filter>Source Files\Uva\basic struct</Filter>
    </ClCompile>
    <ClCompile Include="uva 210.cpp">
      <Filter>Source Files\Uva\basic struct</Filter>
    </ClCompile>
    <ClCompile Include="uva 12657 特别难.cpp">
      <Filter>Source Files\Uva\basic struct</Filter>
    </ClCompile>
    <ClCompile Include="uva 679.cpp">
      <Filter>Source Files\Uva\basic struct</Filter>
    </ClCompile>
  </ItemGroup>
  <ItemGroup>
    <Text Include="source\Source Files\CF\Codeforces Round #434\resolve.txt">
      <Filter>Source Files\CF\Codeforces Round #434</Filter>
    </Text>
    <Text Include="source\Source Files\CF\Codeforces Round #429 div2\cf429.txt">
      <Filter>Source Files\CF\Codeforces Round #429 div2</Filter>
    </Text>
  </ItemGroup>
</Project>